
Microsoft Visual Studio Solution File, Format Version 12.00
# Visual Studio Version 17
VisualStudioVersion = 17.14.36203.30 d17.14
MinimumVisualStudioVersion = 10.0.40219.1
Project("{FAE04EC0-301F-11D3-BF4B-00C04F79EFBC}") = "BILET11", "BILET11.csproj", "{46E1E5F4-6568-4E5B-AA9F-EB4EE9A6EFB3}"
EndProject
Global
	GlobalSection(SolutionConfigurationPlatforms) = preSolution
		Debug|Any CPU = Debug|Any CPU
		Release|Any CPU = Release|Any CPU
	EndGlobalSection
	GlobalSection(ProjectConfigurationPlatforms) = postSolution
		{46E1E5F4-6568-4E5B-AA9F-EB4EE9A6EFB3}.Debug|Any CPU.ActiveCfg = Debug|Any CPU
		{46E1E5F4-6568-4E5B-AA9F-EB4EE9A6EFB3}.Debug|Any CPU.Build.0 = Debug|Any CPU
		{46E1E5F4-6568-4E5B-AA9F-EB4EE9A6EFB3}.Release|Any CPU.ActiveCfg = Release|Any CPU
		{46E1E5F4-6568-4E5B-AA9F-EB4EE9A6EFB3}.Release|Any CPU.Build.0 = Release|Any CPU
	EndGlobalSection
	GlobalSection(SolutionProperties) = preSolution
		HideSolutionNode = FALSE
	EndGlobalSection
	GlobalSection(ExtensibilityGlobals) = postSolution
		SolutionGuid = {B300685D-4F40-43BA-9B74-017DD521F523}
	EndGlobalSection
EndGlobal
